{
  "version": 4,
  "terraform_version": "1.1.7",
  "serial": 36,
  "lineage": "4fb30f1c-c974-aea0-adfc-f6b35c6c3eb7",
  "outputs": {
    "kubernetes_cluster_name": {
      "value": "chunkedgraph-ingest",
      "type": "string"
    },
    "project_id": {
      "value": "neuromancer-seung-import",
      "type": "string"
    },
    "redis_host": {
      "value": "10.107.184.155",
      "type": "string"
    },
    "region": {
      "value": "us-east1",
      "type": "string"
    }
  },
  "resources": [
    {
      "mode": "managed",
      "type": "google_compute_network",
      "name": "vpc",
      "provider": "provider[\"registry.terraform.io/hashicorp/google\"]",
      "instances": [
        {
          "schema_version": 0,
          "attributes": {
            "auto_create_subnetworks": false,
            "delete_default_routes_on_create": false,
            "description": "",
            "gateway_ipv4": "",
            "id": "projects/neuromancer-seung-import/global/networks/chunkedgraph-ingest",
            "mtu": 0,
            "name": "chunkedgraph-ingest",
            "project": "neuromancer-seung-import",
            "routing_mode": "REGIONAL",
            "self_link": "https://www.googleapis.com/compute/v1/projects/neuromancer-seung-import/global/networks/chunkedgraph-ingest",
            "timeouts": null
          },
          "sensitive_attributes": [],
          "private": "eyJlMmJmYjczMC1lY2FhLTExZTYtOGY4OC0zNDM2M2JjN2M0YzAiOnsiY3JlYXRlIjoxMjAwMDAwMDAwMDAwLCJkZWxldGUiOjEyMDAwMDAwMDAwMDAsInVwZGF0ZSI6MTIwMDAwMDAwMDAwMH19"
        }
      ]
    },
    {
      "mode": "managed",
      "type": "google_compute_subnetwork",
      "name": "subnet",
      "provider": "provider[\"registry.terraform.io/hashicorp/google\"]",
      "instances": [
        {
          "schema_version": 0,
          "attributes": {
            "creation_timestamp": "2022-03-27T14:47:24.236-07:00",
            "description": "",
            "external_ipv6_prefix": "",
            "fingerprint": null,
            "gateway_address": "10.10.0.1",
            "id": "projects/neuromancer-seung-import/regions/us-east1/subnetworks/chunkedgraph-ingest-us-east1",
            "ip_cidr_range": "10.10.0.0/24",
            "ipv6_access_type": "",
            "ipv6_cidr_range": "",
            "log_config": [],
            "name": "chunkedgraph-ingest-us-east1",
            "network": "https://www.googleapis.com/compute/v1/projects/neuromancer-seung-import/global/networks/chunkedgraph-ingest",
            "private_ip_google_access": false,
            "private_ipv6_google_access": "DISABLE_GOOGLE_ACCESS",
            "project": "neuromancer-seung-import",
            "purpose": "PRIVATE",
            "region": "us-east1",
            "role": "",
            "secondary_ip_range": [],
            "self_link": "https://www.googleapis.com/compute/v1/projects/neuromancer-seung-import/regions/us-east1/subnetworks/chunkedgraph-ingest-us-east1",
            "stack_type": "IPV4_ONLY",
            "timeouts": null
          },
          "sensitive_attributes": [],
          "private": "eyJlMmJmYjczMC1lY2FhLTExZTYtOGY4OC0zNDM2M2JjN2M0YzAiOnsiY3JlYXRlIjoxMjAwMDAwMDAwMDAwLCJkZWxldGUiOjEyMDAwMDAwMDAwMDAsInVwZGF0ZSI6MTIwMDAwMDAwMDAwMH19",
          "dependencies": [
            "google_compute_network.vpc"
          ]
        }
      ]
    },
    {
      "mode": "managed",
      "type": "google_container_cluster",
      "name": "primary",
      "provider": "provider[\"registry.terraform.io/hashicorp/google\"]",
      "instances": [
        {
          "schema_version": 1,
          "attributes": {
            "addons_config": [
              {
                "cloudrun_config": [],
                "gcp_filestore_csi_driver_config": [],
                "horizontal_pod_autoscaling": [],
                "http_load_balancing": [],
                "network_policy_config": [
                  {
                    "disabled": true
                  }
                ]
              }
            ],
            "authenticator_groups_config": [],
            "cluster_autoscaling": [
              {
                "auto_provisioning_defaults": [],
                "enabled": false,
                "resource_limits": []
              }
            ],
            "cluster_ipv4_cidr": "10.252.0.0/14",
            "confidential_nodes": [],
            "database_encryption": [
              {
                "key_name": "",
                "state": "DECRYPTED"
              }
            ],
            "datapath_provider": "",
            "default_max_pods_per_node": null,
            "default_snat_status": [
              {
                "disabled": false
              }
            ],
            "description": "",
            "dns_config": [],
            "enable_autopilot": false,
            "enable_binary_authorization": false,
            "enable_intranode_visibility": false,
            "enable_kubernetes_alpha": false,
            "enable_legacy_abac": false,
            "enable_shielded_nodes": true,
            "enable_tpu": false,
            "endpoint": "35.196.237.52",
            "id": "projects/neuromancer-seung-import/locations/us-east1-b/clusters/chunkedgraph-ingest",
            "initial_node_count": 1,
            "ip_allocation_policy": [],
            "label_fingerprint": "a9dc16a7",
            "location": "us-east1-b",
            "logging_config": [
              {
                "enable_components": [
                  "SYSTEM_COMPONENTS",
                  "WORKLOADS"
                ]
              }
            ],
            "logging_service": "logging.googleapis.com/kubernetes",
            "maintenance_policy": [],
            "master_auth": [
              {
                "client_certificate": "",
                "client_certificate_config": [
                  {
                    "issue_client_certificate": false
                  }
                ],
                "client_key": "",
                "cluster_ca_certificate": "LS0tLS1CRUdJTiBDRVJUSUZJQ0FURS0tLS0tCk1JSUVMVENDQXBXZ0F3SUJBZ0lSQU5ZWWRoWm1SWFJCNnFDSTZrM3dJZFF3RFFZSktvWklodmNOQVFFTEJRQXcKTHpFdE1Dc0dBMVVFQXhNa016ZGpObUptT0dFdE9XUmpOaTAwT1RZMExUa3hNemN0TnpkaE1tUmlOelZoWkRJMQpNQ0FYRFRJeU1ETXlOekl3TkRjME5Wb1lEekl3TlRJd016RTVNakUwTnpRMVdqQXZNUzB3S3dZRFZRUURFeVF6Ck4yTTJZbVk0WVMwNVpHTTJMVFE1TmpRdE9URXpOeTAzTjJFeVpHSTNOV0ZrTWpVd2dnR2lNQTBHQ1NxR1NJYjMKRFFFQkFRVUFBNElCandBd2dnR0tBb0lCZ1FDc3ZhYmdOc1JqS0tFdmt3R1lQS1d6VGNTUVFsNzE4aUw1ZVNJVQpFa0h0L1hScHdWTmpKdnlETkdvOHR2THpWQUVRd0JKVG9rNDVEOTJhRkFZZmJPSnFkSW00d3VhRTFCR3lLUVRPClZmK0RYTW9zbjVRZ29ZdHlQbFo1TU44cnh4a21RTStEblc4NEVHZHlJeDA0Ykl0bk5kT2NTdVNvbk5yUC9WZjUKbWZEVVcwMk1wSWZ5K0RiY3EwaXpYRHNxOTFPcGx0YURLc1BqdE54VUlQU1hFZGtuWTlySlRpdHJFazBjR2NsRQo5b3VNQlVJVFdFZ0MvWjRPRmFMeEw3VnNhc0ZjRkJEQnNBaVVHbGdCY29OZytXTWl6UVA3Y1B3ZXNzWkJjU2d3Cm8xM1BldkpvMkFFK2dzSDQ4eE9MZSs2aE1jekZDUEE3cDNDaTljRk0wY1JGeFk3blZaSjU2L1IvaGNqS2tzeDUKY3M4VVo5c1VYS1h4czhUcXI3OTI3NHNWKzZPMkJTaEoyZEN1RGJqdGxZc2l1ZU9OMXFjQnJaQ0Y3amxXTGsycApISlBuenlRUXVEYklGMkJ1NlNFNXVkb3g0WXUrdVNJWDRzSUxGZEF1TGphYW1NVXNzbS8xNnFlVk4wZm9vNjIzCmF5OWg3b0xxN1d4V29BSENBU1R4S2FvT1lpc0NBd0VBQWFOQ01FQXdEZ1lEVlIwUEFRSC9CQVFEQWdJRU1BOEcKQTFVZEV3RUIvd1FGTUFNQkFmOHdIUVlEVlIwT0JCWUVGQzRwRThkdFJURWxyNXRhQjI1Nkk2NjcwbHF3TUEwRwpDU3FHU0liM0RRRUJDd1VBQTRJQmdRQlhiSlZpeWJpemdBMDUvampsWk8yZWVWcHdrWTUxMWkvUDM5c2pab1BrCmpEeGROQUlkZ2NtQjFzYTVOd2N4ZlJZSUVTQkcrc1BZQU9uWmU1bmt2ZmtraXUxVFJ6eUhEWElieDJjSEFmYlQKTXJtZEFMRkZtcVY0aG56Y1BOM3Y4M2tjWENUc0pkZlNuTzN2Q1JVTmNvVFd0eitmZzZyam10TkNGczM0Y1FNZAo1RTNFMWpqRWhIcmJrK24vOG1qMWYvMDVreXNCMzVFNlcwYlBoejJTWFpwNlRSWXRwMDB1MllTT1BJbGowek9oCjZ1U2RZbEl4UzBLdlVhVjJKRGlHaXkzbDFud1RUUlNwcS9jTklqeWZvc285M0F2aEhJUWd5WEs3SlVFUkYxWXIKV1c1WGNTTTZId0V4Q05GdHFVWXBXWTdyNXk1Q0xuM1MrNnBZNUNreEt1bytaN3hiSU9FZVN0aG03VWpQdlRvcwpPRUFCNHJVL1RoSEpXcjcrL2FqQTJkT1FWcjYyT3l0VDVEZk5va3Y4YThRS0xURVk1aUlYeGI2U0pUdTVza2NBCktyc2wxSVBGb01rRGd4aW5PckNxNStnZlhQR0lhK1FmcW14dVdSZDROYVdTRnFXWDgxTFF3KzNNUmpibGlxVVcKdHIza2MyQlRhaG5CNHl4OWs5QktVMEk9Ci0tLS0tRU5EIENFUlRJRklDQVRFLS0tLS0K"
              }
            ],
            "master_authorized_networks_config": [],
            "master_version": "1.21.9-gke.1002",
            "min_master_version": null,
            "monitoring_config": [
              {
                "enable_components": [
                  "SYSTEM_COMPONENTS"
                ]
              }
            ],
            "monitoring_service": "monitoring.googleapis.com/kubernetes",
            "name": "chunkedgraph-ingest",
            "network": "projects/neuromancer-seung-import/global/networks/chunkedgraph-ingest",
            "network_policy": [
              {
                "enabled": false,
                "provider": "PROVIDER_UNSPECIFIED"
              }
            ],
            "networking_mode": "ROUTES",
            "node_config": [],
            "node_locations": [],
            "node_pool": [],
            "node_version": "1.21.9-gke.1002",
            "operation": null,
            "private_cluster_config": [],
            "private_ipv6_google_access": "",
            "project": "neuromancer-seung-import",
            "release_channel": [
              {
                "channel": "REGULAR"
              }
            ],
            "remove_default_node_pool": true,
            "resource_labels": null,
            "resource_usage_export_config": [],
            "self_link": "https://container.googleapis.com/v1/projects/neuromancer-seung-import/zones/us-east1-b/clusters/chunkedgraph-ingest",
            "services_ipv4_cidr": "10.255.240.0/20",
            "subnetwork": "projects/neuromancer-seung-import/regions/us-east1/subnetworks/chunkedgraph-ingest-us-east1",
            "timeouts": null,
            "tpu_ipv4_cidr_block": "",
            "vertical_pod_autoscaling": [],
            "workload_identity_config": []
          },
          "sensitive_attributes": [],
          "private": "eyJlMmJmYjczMC1lY2FhLTExZTYtOGY4OC0zNDM2M2JjN2M0YzAiOnsiY3JlYXRlIjoyNDAwMDAwMDAwMDAwLCJkZWxldGUiOjI0MDAwMDAwMDAwMDAsInJlYWQiOjI0MDAwMDAwMDAwMDAsInVwZGF0ZSI6MzYwMDAwMDAwMDAwMH0sInNjaGVtYV92ZXJzaW9uIjoiMSJ9",
          "dependencies": [
            "google_compute_network.vpc",
            "google_compute_subnetwork.subnet"
          ]
        }
      ]
    },
    {
      "mode": "managed",
      "type": "google_container_node_pool",
      "name": "workers",
      "provider": "provider[\"registry.terraform.io/hashicorp/google\"]",
      "instances": [
        {
          "schema_version": 1,
          "attributes": {
            "autoscaling": [],
            "cluster": "chunkedgraph-ingest",
            "id": "projects/neuromancer-seung-import/locations/us-east1-b/clusters/chunkedgraph-ingest/nodePools/workers",
            "initial_node_count": 11,
            "instance_group_urls": [
              "https://www.googleapis.com/compute/v1/projects/neuromancer-seung-import/zones/us-east1-b/instanceGroupManagers/gke-chunkedgraph-ingest-workers-e4be93f0-grp"
            ],
            "location": "us-east1-b",
            "managed_instance_group_urls": [
              "https://www.googleapis.com/compute/v1/projects/neuromancer-seung-import/zones/us-east1-b/instanceGroups/gke-chunkedgraph-ingest-workers-e4be93f0-grp"
            ],
            "management": [
              {
                "auto_repair": true,
                "auto_upgrade": true
              }
            ],
            "max_pods_per_node": null,
            "name": "workers",
            "name_prefix": "",
            "node_config": [
              {
                "boot_disk_kms_key": "",
                "disk_size_gb": 100,
                "disk_type": "pd-standard",
                "gcfs_config": [],
                "guest_accelerator": [],
                "gvnic": [],
                "image_type": "COS_CONTAINERD",
                "labels": {
                  "project": "chunkedgraph-ingest"
                },
                "local_ssd_count": 0,
                "machine_type": "e2-small",
                "metadata": {
                  "disable-legacy-endpoints": "true"
                },
                "min_cpu_platform": "",
                "node_group": "",
                "oauth_scopes": [
                  "https://www.googleapis.com/auth/logging.write",
                  "https://www.googleapis.com/auth/monitoring"
                ],
                "preemptible": true,
                "service_account": "default",
                "shielded_instance_config": [
                  {
                    "enable_integrity_monitoring": true,
                    "enable_secure_boot": false
                  }
                ],
                "tags": [
                  "chunkedgraph-ingest-workers"
                ],
                "taint": [],
                "workload_metadata_config": []
              }
            ],
            "node_count": 11,
            "node_locations": [
              "us-east1-b"
            ],
            "operation": null,
            "project": "neuromancer-seung-import",
            "timeouts": null,
            "upgrade_settings": [
              {
                "max_surge": 1,
                "max_unavailable": 0
              }
            ],
            "version": "1.21.9-gke.1002"
          },
          "sensitive_attributes": [],
          "private": "eyJlMmJmYjczMC1lY2FhLTExZTYtOGY4OC0zNDM2M2JjN2M0YzAiOnsiY3JlYXRlIjoxODAwMDAwMDAwMDAwLCJkZWxldGUiOjE4MDAwMDAwMDAwMDAsInVwZGF0ZSI6MTgwMDAwMDAwMDAwMH0sInNjaGVtYV92ZXJzaW9uIjoiMSJ9",
          "dependencies": [
            "google_compute_network.vpc",
            "google_compute_subnetwork.subnet",
            "google_container_cluster.primary"
          ]
        }
      ]
    },
    {
      "mode": "managed",
      "type": "google_redis_instance",
      "name": "redis",
      "provider": "provider[\"registry.terraform.io/hashicorp/google\"]",
      "instances": [
        {
          "schema_version": 0,
          "attributes": {
            "alternative_location_id": "",
            "auth_enabled": false,
            "auth_string": "",
            "authorized_network": "projects/neuromancer-seung-import/global/networks/chunkedgraph-ingest",
            "connect_mode": "DIRECT_PEERING",
            "create_time": "2022-03-27T21:47:24.141670966Z",
            "current_location_id": "us-east1-d",
            "display_name": "chunkedgraph-ingest",
            "host": "10.107.184.155",
            "id": "projects/neuromancer-seung-import/locations/us-east1/instances/chunkedgraph-ingest",
            "labels": null,
            "location_id": "us-east1-d",
            "maintenance_policy": [],
            "maintenance_schedule": [],
            "memory_size_gb": 2,
            "name": "chunkedgraph-ingest",
            "persistence_iam_identity": "serviceAccount:20226847690-compute@developer.gserviceaccount.com",
            "port": 6379,
            "project": "neuromancer-seung-import",
            "redis_configs": null,
            "redis_version": "REDIS_6_X",
            "region": "us-east1",
            "reserved_ip_range": "10.107.184.152/29",
            "server_ca_certs": [],
            "tier": "BASIC",
            "timeouts": null,
            "transit_encryption_mode": "DISABLED"
          },
          "sensitive_attributes": [],
          "private": "eyJlMmJmYjczMC1lY2FhLTExZTYtOGY4OC0zNDM2M2JjN2M0YzAiOnsiY3JlYXRlIjoxMjAwMDAwMDAwMDAwLCJkZWxldGUiOjEyMDAwMDAwMDAwMDAsInVwZGF0ZSI6MTIwMDAwMDAwMDAwMH19",
          "dependencies": [
            "google_compute_network.vpc"
          ]
        }
      ]
    }
  ]
}
